{
  "nodes": {
    "flake-utils": {
      "locked": {
        "lastModified": 1622445595,
        "narHash": "sha256-m+JRe6Wc5OZ/mKw2bB3+Tl0ZbtyxxxfnAWln8Q5qs+Y=",
        "owner": "numtide",
        "repo": "flake-utils",
        "rev": "7d706970d94bc5559077eb1a6600afddcd25a7c8",
        "type": "github"
      },
      "original": {
        "owner": "numtide",
        "repo": "flake-utils",
        "type": "github"
      }
    },
    "flake-utils_2": {
      "locked": {
        "lastModified": 1622445595,
        "narHash": "sha256-m+JRe6Wc5OZ/mKw2bB3+Tl0ZbtyxxxfnAWln8Q5qs+Y=",
        "owner": "numtide",
        "repo": "flake-utils",
        "rev": "7d706970d94bc5559077eb1a6600afddcd25a7c8",
        "type": "github"
      },
      "original": {
        "owner": "numtide",
        "repo": "flake-utils",
        "type": "github"
      }
    },
    "libcarbontray": {
      "inputs": {
        "flake-utils": "flake-utils_2",
        "nixpkgs": "nixpkgs"
      },
      "locked": {
        "lastModified": 1623073811,
        "narHash": "sha256-R2Hy/9Yzpnd1S9A7Td8uSQah/ptXH9Pjx48X4sAabz8=",
        "owner": "pbogdan",
        "repo": "libcarbontray",
        "rev": "cddeb04f4251bfbd6f56b639b7afa85c575d9b21",
        "type": "github"
      },
      "original": {
        "owner": "pbogdan",
        "repo": "libcarbontray",
        "type": "github"
      }
    },
    "nixpkgs": {
      "locked": {
        "lastModified": 1622797669,
        "narHash": "sha256-xIyWeoYExzF0KNaKcqfxEX58fN4JTIQxTJWbsAujllc=",
        "owner": "NixOS",
        "repo": "nixpkgs",
        "rev": "1ca6b0a0cc38dbba0441202535c92841dd39d1ae",
        "type": "github"
      },
      "original": {
        "owner": "NixOS",
        "ref": "nixos-unstable",
        "repo": "nixpkgs",
        "type": "github"
      }
    },
    "nixpkgs_2": {
      "locked": {
        "lastModified": 1622966049,
        "narHash": "sha256-6g+28v94ISkVk9TBSsITVOnB2slK8plieWPIF2jo/l0=",
        "owner": "NixOS",
        "repo": "nixpkgs",
        "rev": "fbfb79400a08bf754e32b4d4fc3f7d8f8055cf94",
        "type": "github"
      },
      "original": {
        "owner": "NixOS",
        "ref": "nixos-unstable",
        "repo": "nixpkgs",
        "type": "github"
      }
    },
    "root": {
      "inputs": {
        "flake-utils": "flake-utils",
        "libcarbontray": "libcarbontray",
        "nixpkgs": "nixpkgs_2"
      }
    }
  },
  "root": "root",
  "version": 7
}
