{
  "nodes": {
    "flake-utils": {
      "locked": {
        "lastModified": 1604964167,
        "narHash": "sha256-+mTmiCD29wecyDaGlbeWpvnysBygagl9FdMVfdU0RTM=",
        "owner": "numtide",
        "repo": "flake-utils",
        "rev": "af81e8d00b2cd021d8806104f14d66ae429dc2f7",
        "type": "github"
      },
      "original": {
        "owner": "numtide",
        "repo": "flake-utils",
        "type": "github"
      }
    },
    "flake-utils_2": {
      "locked": {
        "lastModified": 1601282935,
        "narHash": "sha256-WQAFV6sGGQxrRs3a+/Yj9xUYvhTpukQJIcMbIi7LCJ4=",
        "owner": "numtide",
        "repo": "flake-utils",
        "rev": "588973065fce51f4763287f0fda87a174d78bf48",
        "type": "github"
      },
      "original": {
        "owner": "numtide",
        "repo": "flake-utils",
        "type": "github"
      }
    },
    "libcarbontray": {
      "inputs": {
        "flake-utils": "flake-utils_2",
        "nixpkgs": "nixpkgs"
      },
      "locked": {
        "lastModified": 1604057282,
        "narHash": "sha256-GnVM0OmgUO7Kqz2jmq9JMa/LB1IlD8wp+IDHgZ7vbzc=",
        "owner": "pbogdan",
        "repo": "libcarbontray",
        "rev": "b93b29d74a64b2ea252937aa0feeb73d26c9215f",
        "type": "github"
      },
      "original": {
        "owner": "pbogdan",
        "repo": "libcarbontray",
        "type": "github"
      }
    },
    "nixpkgs": {
      "locked": {
        "lastModified": 1603758576,
        "narHash": "sha256-xKFmWVx+rFInBao3gtmvXcd0LjHD1+0c1Ef5PJDrbuM=",
        "owner": "NixOS",
        "repo": "nixpkgs",
        "rev": "1dc37370c489b610f8b91d7fdd40633163ffbafd",
        "type": "github"
      },
      "original": {
        "owner": "NixOS",
        "ref": "nixos-unstable",
        "repo": "nixpkgs",
        "type": "github"
      }
    },
    "nixpkgs_2": {
      "locked": {
        "lastModified": 1605171959,
        "narHash": "sha256-JIM7QrQ2jpnA6qRfP8MzXD8USiWYStfL9Cssz01QvMw=",
        "owner": "NixOS",
        "repo": "nixpkgs",
        "rev": "a371c1071161104d329f6a85d922fd92b7cbab63",
        "type": "github"
      },
      "original": {
        "owner": "NixOS",
        "ref": "nixos-unstable",
        "repo": "nixpkgs",
        "type": "github"
      }
    },
    "root": {
      "inputs": {
        "flake-utils": "flake-utils",
        "libcarbontray": "libcarbontray",
        "nixpkgs": "nixpkgs_2"
      }
    }
  },
  "root": "root",
  "version": 7
}
